// !$*UTF8*$!
{
	archiveVersion = 1;
	classes = {
	};
	objectVersion = 77;
	objects = {

/* Begin PBXContainerItemProxy section */
		A5EA03062DE3D90800C4C004 /* PBXContainerItemProxy */ = {
			isa = PBXContainerItemProxy;
			containerPortal = A5EA02E72DE3D90600C4C004 /* Project object */;
			proxyType = 1;
			remoteGlobalIDString = A5EA02EE2DE3D90600C4C004;
			remoteInfo = LootLogger;
		};
		A5EA03102DE3D90800C4C004 /* PBXContainerItemProxy */ = {
			isa = PBXContainerItemProxy;
			containerPortal = A5EA02E72DE3D90600C4C004 /* Project object */;
			proxyType = 1;
			remoteGlobalIDString = A5EA02EE2DE3D90600C4C004;
			remoteInfo = LootLogger;
		};
/* End PBXContainerItemProxy section */

/* Begin PBXFileReference section */
		A5EA02EF2DE3D90600C4C004 /* LootLogger.app */ = {isa = PBXFileReference; explicitFileType = wrapper.application; includeInIndex = 0; path = LootLogger.app; sourceTree = BUILT_PRODUCTS_DIR; };
		A5EA03052DE3D90800C4C004 /* LootLoggerTests.xctest */ = {isa = PBXFileReference; explicitFileType = wrapper.cfbundle; includeInIndex = 0; path = LootLoggerTests.xctest; sourceTree = BUILT_PRODUCTS_DIR; };
		A5EA030F2DE3D90800C4C004 /* LootLoggerUITests.xctest */ = {isa = PBXFileReference; explicitFileType = wrapper.cfbundle; includeInIndex = 0; path = LootLoggerUITests.xctest; sourceTree = BUILT_PRODUCTS_DIR; };
/* End PBXFileReference section */

/* Begin PBXFileSystemSynchronizedBuildFileExceptionSet section */
		A5EA03172DE3D90800C4C004 /* Exceptions for "LootLogger" folder in "LootLogger" target */ = {
			isa = PBXFileSystemSynchronizedBuildFileExceptionSet;
			membershipExceptions = (
				Info.plist,
			);
			target = A5EA02EE2DE3D90600C4C004 /* LootLogger */;
		};
/* End PBXFileSystemSynchronizedBuildFileExceptionSet section */

/* Begin PBXFileSystemSynchronizedRootGroup section */
		A5EA02F12DE3D90600C4C004 /* LootLogger */ = {
			isa = PBXFileSystemSynchronizedRootGroup;
			exceptions = (
				A5EA03172DE3D90800C4C004 /* Exceptions for "LootLogger" folder in "LootLogger" target */,
			);
			path = LootLogger;
			sourceTree = "<group>";
		};
		A5EA03082DE3D90800C4C004 /* LootLoggerTests */ = {
			isa = PBXFileSystemSynchronizedRootGroup;
			path = LootLoggerTests;
			sourceTree = "<group>";
		};
		A5EA03122DE3D90800C4C004 /* LootLoggerUITests */ = {
			isa = PBXFileSystemSynchronizedRootGroup;
			path = LootLoggerUITests;
			sourceTree = "<group>";
		};
/* End PBXFileSystemSynchronizedRootGroup section */

/* Begin PBXFrameworksBuildPhase section */
		A5EA02EC2DE3D90600C4C004 /* Frameworks */ = {
			isa = PBXFrameworksBuildPhase;
			buildActionMask = 2147483647;
			files = (
			);
			runOnlyForDeploymentPostprocessing = 0;
		};
		A5EA03022DE3D90800C4C004 /* Frameworks */ = {
			isa = PBXFrameworksBuildPhase;
			buildActionMask = 2147483647;
			files = (
			);
			runOnlyForDeploymentPostprocessing = 0;
		};
		A5EA030C2DE3D90800C4C004 /* Frameworks */ = {
			isa = PBXFrameworksBuildPhase;
			buildActionMask = 2147483647;
			files = (
			);
			runOnlyForDeploymentPostprocessing = 0;
		};
/* End PBXFrameworksBuildPhase section */

/* Begin PBXGroup section */
		A5EA02E62DE3D90600C4C004 = {
			isa = PBXGroup;
			children = (
				A5EA02F12DE3D90600C4C004 /* LootLogger */,
				A5EA03082DE3D90800C4C004 /* LootLoggerTests */,
				A5EA03122DE3D90800C4C004 /* LootLoggerUITests */,
				A5EA02F02DE3D90600C4C004 /* Products */,
			);
			sourceTree = "<group>";
		};
		A5EA02F02DE3D90600C4C004 /* Products */ = {
			isa = PBXGroup;
			children = (
				A5EA02EF2DE3D90600C4C004 /* LootLogger.app */,
				A5EA03052DE3D90800C4C004 /* LootLoggerTests.xctest */,
				A5EA030F2DE3D90800C4C004 /* LootLoggerUITests.xctest */,
			);
			name = Products;
			sourceTree = "<group>";
		};
/* End PBXGroup section */

/* Begin PBXNativeTarget section */
		A5EA02EE2DE3D90600C4C004 /* LootLogger */ = {
			isa = PBXNativeTarget;
			buildConfigurationList = A5EA03182DE3D90800C4C004 /* Build configuration list for PBXNativeTarget "LootLogger" */;
			buildPhases = (
				A5EA02EB2DE3D90600C4C004 /* Sources */,
				A5EA02EC2DE3D90600C4C004 /* Frameworks */,
				A5EA02ED2DE3D90600C4C004 /* Resources */,
			);
			buildRules = (
			);
			dependencies = (
			);
			fileSystemSynchronizedGroups = (
				A5EA02F12DE3D90600C4C004 /* LootLogger */,
			);
			name = LootLogger;
			packageProductDependencies = (
			);
			productName = LootLogger;
			productReference = A5EA02EF2DE3D90600C4C004 /* LootLogger.app */;
			productType = "com.apple.product-type.application";
		};
		A5EA03042DE3D90800C4C004 /* LootLoggerTests */ = {
			isa = PBXNativeTarget;
			buildConfigurationList = A5EA031D2DE3D90800C4C004 /* Build configuration list for PBXNativeTarget "LootLoggerTests" */;
			buildPhases = (
				A5EA03012DE3D90800C4C004 /* Sources */,
				A5EA03022DE3D90800C4C004 /* Frameworks */,
				A5EA03032DE3D90800C4C004 /* Resources */,
			);
			buildRules = (
			);
			dependencies = (
				A5EA03072DE3D90800C4C004 /* PBXTargetDependency */,
			);
			fileSystemSynchronizedGroups = (
				A5EA03082DE3D90800C4C004 /* LootLoggerTests */,
			);
			name = LootLoggerTests;
			packageProductDependencies = (
			);
			productName = LootLoggerTests;
			productReference = A5EA03052DE3D90800C4C004 /* LootLoggerTests.xctest */;
			productType = "com.apple.product-type.bundle.unit-test";
		};
		A5EA030E2DE3D90800C4C004 /* LootLoggerUITests */ = {
			isa = PBXNativeTarget;
			buildConfigurationList = A5EA03202DE3D90800C4C004 /* Build configuration list for PBXNativeTarget "LootLoggerUITests" */;
			buildPhases = (
				A5EA030B2DE3D90800C4C004 /* Sources */,
				A5EA030C2DE3D90800C4C004 /* Frameworks */,
				A5EA030D2DE3D90800C4C004 /* Resources */,
			);
			buildRules = (
			);
			dependencies = (
				A5EA03112DE3D90800C4C004 /* PBXTargetDependency */,
			);
			fileSystemSynchronizedGroups = (
				A5EA03122DE3D90800C4C004 /* LootLoggerUITests */,
			);
			name = LootLoggerUITests;
			packageProductDependencies = (
			);
			productName = LootLoggerUITests;
			productReference = A5EA030F2DE3D90800C4C004 /* LootLoggerUITests.xctest */;
			productType = "com.apple.product-type.bundle.ui-testing";
		};
/* End PBXNativeTarget section */

/* Begin PBXProject section */
		A5EA02E72DE3D90600C4C004 /* Project object */ = {
			isa = PBXProject;
			attributes = {
				BuildIndependentTargetsInParallel = 1;
				LastSwiftUpdateCheck = 1630;
				LastUpgradeCheck = 1630;
				TargetAttributes = {
					A5EA02EE2DE3D90600C4C004 = {
						CreatedOnToolsVersion = 16.3;
					};
					A5EA03042DE3D90800C4C004 = {
						CreatedOnToolsVersion = 16.3;
						TestTargetID = A5EA02EE2DE3D90600C4C004;
					};
					A5EA030E2DE3D90800C4C004 = {
						CreatedOnToolsVersion = 16.3;
						TestTargetID = A5EA02EE2DE3D90600C4C004;
					};
				};
			};
			buildConfigurationList = A5EA02EA2DE3D90600C4C004 /* Build configuration list for PBXProject "LootLogger" */;
			developmentRegion = en;
			hasScannedForEncodings = 0;
			knownRegions = (
				en,
				Base,
			);
			mainGroup = A5EA02E62DE3D90600C4C004;
			minimizedProjectReferenceProxies = 1;
			preferredProjectObjectVersion = 77;
			productRefGroup = A5EA02F02DE3D90600C4C004 /* Products */;
			projectDirPath = "";
			projectRoot = "";
			targets = (
				A5EA02EE2DE3D90600C4C004 /* LootLogger */,
				A5EA03042DE3D90800C4C004 /* LootLoggerTests */,
				A5EA030E2DE3D90800C4C004 /* LootLoggerUITests */,
			);
		};
/* End PBXProject section */

/* Begin PBXResourcesBuildPhase section */
		A5EA02ED2DE3D90600C4C004 /* Resources */ = {
			isa = PBXResourcesBuildPhase;
			buildActionMask = 2147483647;
			files = (
			);
			runOnlyForDeploymentPostprocessing = 0;
		};
		A5EA03032DE3D90800C4C004 /* Resources */ = {
			isa = PBXResourcesBuildPhase;
			buildActionMask = 2147483647;
			files = (
			);
			runOnlyForDeploymentPostprocessing = 0;
		};
		A5EA030D2DE3D90800C4C004 /* Resources */ = {
			isa = PBXResourcesBuildPhase;
			buildActionMask = 2147483647;
			files = (
			);
			runOnlyForDeploymentPostprocessing = 0;
		};
/* End PBXResourcesBuildPhase section */

/* Begin PBXSourcesBuildPhase section */
		A5EA02EB2DE3D90600C4C004 /* Sources */ = {
			isa = PBXSourcesBuildPhase;
			buildActionMask = 2147483647;
			files = (
			);
			runOnlyForDeploymentPostprocessing = 0;
		};
		A5EA03012DE3D90800C4C004 /* Sources */ = {
			isa = PBXSourcesBuildPhase;
			buildActionMask = 2147483647;
			files = (
			);
			runOnlyForDeploymentPostprocessing = 0;
		};
		A5EA030B2DE3D90800C4C004 /* Sources */ = {
			isa = PBXSourcesBuildPhase;
			buildActionMask = 2147483647;
			files = (
			);
			runOnlyForDeploymentPostprocessing = 0;
		};
/* End PBXSourcesBuildPhase section */

/* Begin PBXTargetDependency section */
		A5EA03072DE3D90800C4C004 /* PBXTargetDependency */ = {
			isa = PBXTargetDependency;
			target = A5EA02EE2DE3D90600C4C004 /* LootLogger */;
			targetProxy = A5EA03062DE3D90800C4C004 /* PBXContainerItemProxy */;
		};
		A5EA03112DE3D90800C4C004 /* PBXTargetDependency */ = {
			isa = PBXTargetDependency;
			target = A5EA02EE2DE3D90600C4C004 /* LootLogger */;
			targetProxy = A5EA03102DE3D90800C4C004 /* PBXContainerItemProxy */;
		};
/* End PBXTargetDependency section */

/* Begin XCBuildConfiguration section */
		A5EA03192DE3D90800C4C004 /* Debug */ = {
			isa = XCBuildConfiguration;
			buildSettings = {
				ASSETCATALOG_COMPILER_APPICON_NAME = AppIcon;
				ASSETCATALOG_COMPILER_GLOBAL_ACCENT_COLOR_NAME = AccentColor;
				CODE_SIGN_STYLE = Automatic;
				CURRENT_PROJECT_VERSION = 1;
				DEVELOPMENT_TEAM = DZDWNPN8YP;
				GENERATE_INFOPLIST_FILE = YES;
				INFOPLIST_FILE = LootLogger/Info.plist;
				INFOPLIST_KEY_UIApplicationSupportsIndirectInputEvents = YES;
				INFOPLIST_KEY_UILaunchStoryboardName = LaunchScreen;
				INFOPLIST_KEY_UIMainStoryboardFile = Main;
				INFOPLIST_KEY_UISupportedInterfaceOrientations_iPad = "UIInterfaceOrientationPortrait UIInterfaceOrientationPortraitUpsideDown UIInterfaceOrientationLandscapeLeft UIInterfaceOrientationLandscapeRight";
				INFOPLIST_KEY_UISupportedInterfaceOrientations_iPhone = "UIInterfaceOrientationPortrait UIInterfaceOrientationLandscapeLeft UIInterfaceOrientationLandscapeRight";
				LD_RUNPATH_SEARCH_PATHS = (
					"$(inherited)",
					"@executable_path/Frameworks",
				);
				MARKETING_VERSION = 1.0;
				PRODUCT_BUNDLE_IDENTIFIER = com.eacardenase.LootLogger;
				PRODUCT_NAME = "$(TARGET_NAME)";
				SWIFT_EMIT_LOC_STRINGS = YES;
				SWIFT_VERSION = 5.0;
				TARGETED_DEVICE_FAMILY = "1,2";
			};
			name = Debug;
		};
		A5EA031A2DE3D90800C4C004 /* Release */ = {
			isa = XCBuildConfiguration;
			buildSettings = {
				ASSETCATALOG_COMPILER_APPICON_NAME = AppIcon;
				ASSETCATALOG_COMPILER_GLOBAL_ACCENT_COLOR_NAME = AccentColor;
				CODE_SIGN_STYLE = Automatic;
				CURRENT_PROJECT_VERSION = 1;
				DEVELOPMENT_TEAM = DZDWNPN8YP;
				GENERATE_INFOPLIST_FILE = YES;
				INFOPLIST_FILE = LootLogger/Info.plist;
				INFOPLIST_KEY_UIApplicationSupportsIndirectInputEvents = YES;
				INFOPLIST_KEY_UILaunchStoryboardName = LaunchScreen;
				INFOPLIST_KEY_UIMainStoryboardFile = Main;
				INFOPLIST_KEY_UISupportedInterfaceOrientations_iPad = "UIInterfaceOrientationPortrait UIInterfaceOrientationPortraitUpsideDown UIInterfaceOrientationLandscapeLeft UIInterfaceOrientationLandscapeRight";
				INFOPLIST_KEY_UISupportedInterfaceOrientations_iPhone = "UIInterfaceOrientationPortrait UIInterfaceOrientationLandscapeLeft UIInterfaceOrientationLandscapeRight";
				LD_RUNPATH_SEARCH_PATHS = (
					"$(inherited)",
					"@executable_path/Frameworks",
				);
				MARKETING_VERSION = 1.0;
				PRODUCT_BUNDLE_IDENTIFIER = com.eacardenase.LootLogger;
				PRODUCT_NAME = "$(TARGET_NAME)";
				SWIFT_EMIT_LOC_STRINGS = YES;
				SWIFT_VERSION = 5.0;
				TARGETED_DEVICE_FAMILY = "1,2";
			};
			name = Release;
		};
		A5EA031B2DE3D90800C4C004 /* Debug */ = {
			isa = XCBuildConfiguration;
			buildSettings = {
				ALWAYS_SEARCH_USER_PATHS = NO;
				ASSETCATALOG_COMPILER_GENERATE_SWIFT_ASSET_SYMBOL_EXTENSIONS = YES;
				CLANG_ANALYZER_NONNULL = YES;
				CLANG_ANALYZER_NUMBER_OBJECT_CONVERSION = YES_AGGRESSIVE;
				CLANG_CXX_LANGUAGE_STANDARD = "gnu++20";
				CLANG_ENABLE_MODULES = YES;
				CLANG_ENABLE_OBJC_ARC = YES;
				CLANG_ENABLE_OBJC_WEAK = YES;
				CLANG_WARN_BLOCK_CAPTURE_AUTORELEASING = YES;
				CLANG_WARN_BOOL_CONVERSION = YES;
				CLANG_WARN_COMMA = YES;
				CLANG_WARN_CONSTANT_CONVERSION = YES;
				CLANG_WARN_DEPRECATED_OBJC_IMPLEMENTATIONS = YES;
				CLANG_WARN_DIRECT_OBJC_ISA_USAGE = YES_ERROR;
				CLANG_WARN_DOCUMENTATION_COMMENTS = YES;
				CLANG_WARN_EMPTY_BODY = YES;
				CLANG_WARN_ENUM_CONVERSION = YES;
				CLANG_WARN_INFINITE_RECURSION = YES;
				CLANG_WARN_INT_CONVERSION = YES;
				CLANG_WARN_NON_LITERAL_NULL_CONVERSION = YES;
				CLANG_WARN_OBJC_IMPLICIT_RETAIN_SELF = YES;
				CLANG_WARN_OBJC_LITERAL_CONVERSION = YES;
				CLANG_WARN_OBJC_ROOT_CLASS = YES_ERROR;
				CLANG_WARN_QUOTED_INCLUDE_IN_FRAMEWORK_HEADER = YES;
				CLANG_WARN_RANGE_LOOP_ANALYSIS = YES;
				CLANG_WARN_STRICT_PROTOTYPES = YES;
				CLANG_WARN_SUSPICIOUS_MOVE = YES;
				CLANG_WARN_UNGUARDED_AVAILABILITY = YES_AGGRESSIVE;
				CLANG_WARN_UNREACHABLE_CODE = YES;
				CLANG_WARN__DUPLICATE_METHOD_MATCH = YES;
				COPY_PHASE_STRIP = NO;
				DEBUG_INFORMATION_FORMAT = dwarf;
				DEVELOPMENT_TEAM = DZDWNPN8YP;
				ENABLE_STRICT_OBJC_MSGSEND = YES;
				ENABLE_TESTABILITY = YES;
				ENABLE_USER_SCRIPT_SANDBOXING = YES;
				GCC_C_LANGUAGE_STANDARD = gnu17;
				GCC_DYNAMIC_NO_PIC = NO;
				GCC_NO_COMMON_BLOCKS = YES;
				GCC_OPTIMIZATION_LEVEL = 0;
				GCC_PREPROCESSOR_DEFINITIONS = (
					"DEBUG=1",
					"$(inherited)",
				);
				GCC_WARN_64_TO_32_BIT_CONVERSION = YES;
				GCC_WARN_ABOUT_RETURN_TYPE = YES_ERROR;
				GCC_WARN_UNDECLARED_SELECTOR = YES;
				GCC_WARN_UNINITIALIZED_AUTOS = YES_AGGRESSIVE;
				GCC_WARN_UNUSED_FUNCTION = YES;
				GCC_WARN_UNUSED_VARIABLE = YES;
				IPHONEOS_DEPLOYMENT_TARGET = 18.4;
				LOCALIZATION_PREFERS_STRING_CATALOGS = YES;
				MTL_ENABLE_DEBUG_INFO = INCLUDE_SOURCE;
				MTL_FAST_MATH = YES;
				ONLY_ACTIVE_ARCH = YES;
				SDKROOT = iphoneos;
				SWIFT_ACTIVE_COMPILATION_CONDITIONS = "DEBUG $(inherited)";
				SWIFT_OPTIMIZATION_LEVEL = "-Onone";
			};
			name = Debug;
		};
		A5EA031C2DE3D90800C4C004 /* Release */ = {
			isa = XCBuildConfiguration;
			buildSettings = {
				ALWAYS_SEARCH_USER_PATHS = NO;
				ASSETCATALOG_COMPILER_GENERATE_SWIFT_ASSET_SYMBOL_EXTENSIONS = YES;
				CLANG_ANALYZER_NONNULL = YES;
				CLANG_ANALYZER_NUMBER_OBJECT_CONVERSION = YES_AGGRESSIVE;
				CLANG_CXX_LANGUAGE_STANDARD = "gnu++20";
				CLANG_ENABLE_MODULES = YES;
				CLANG_ENABLE_OBJC_ARC = YES;
				CLANG_ENABLE_OBJC_WEAK = YES;
				CLANG_WARN_BLOCK_CAPTURE_AUTORELEASING = YES;
				CLANG_WARN_BOOL_CONVERSION = YES;
				CLANG_WARN_COMMA = YES;
				CLANG_WARN_CONSTANT_CONVERSION = YES;
				CLANG_WARN_DEPRECATED_OBJC_IMPLEMENTATIONS = YES;
				CLANG_WARN_DIRECT_OBJC_ISA_USAGE = YES_ERROR;
				CLANG_WARN_DOCUMENTATION_COMMENTS = YES;
				CLANG_WARN_EMPTY_BODY = YES;
				CLANG_WARN_ENUM_CONVERSION = YES;
				CLANG_WARN_INFINITE_RECURSION = YES;
				CLANG_WARN_INT_CONVERSION = YES;
				CLANG_WARN_NON_LITERAL_NULL_CONVERSION = YES;
				CLANG_WARN_OBJC_IMPLICIT_RETAIN_SELF = YES;
				CLANG_WARN_OBJC_LITERAL_CONVERSION = YES;
				CLANG_WARN_OBJC_ROOT_CLASS = YES_ERROR;
				CLANG_WARN_QUOTED_INCLUDE_IN_FRAMEWORK_HEADER = YES;
				CLANG_WARN_RANGE_LOOP_ANALYSIS = YES;
				CLANG_WARN_STRICT_PROTOTYPES = YES;
				CLANG_WARN_SUSPICIOUS_MOVE = YES;
				CLANG_WARN_UNGUARDED_AVAILABILITY = YES_AGGRESSIVE;
				CLANG_WARN_UNREACHABLE_CODE = YES;
				CLANG_WARN__DUPLICATE_METHOD_MATCH = YES;
				COPY_PHASE_STRIP = NO;
				DEBUG_INFORMATION_FORMAT = "dwarf-with-dsym";
				DEVELOPMENT_TEAM = DZDWNPN8YP;
				ENABLE_NS_ASSERTIONS = NO;
				ENABLE_STRICT_OBJC_MSGSEND = YES;
				ENABLE_USER_SCRIPT_SANDBOXING = YES;
				GCC_C_LANGUAGE_STANDARD = gnu17;
				GCC_NO_COMMON_BLOCKS = YES;
				GCC_WARN_64_TO_32_BIT_CONVERSION = YES;
				GCC_WARN_ABOUT_RETURN_TYPE = YES_ERROR;
				GCC_WARN_UNDECLARED_SELECTOR = YES;
				GCC_WARN_UNINITIALIZED_AUTOS = YES_AGGRESSIVE;
				GCC_WARN_UNUSED_FUNCTION = YES;
				GCC_WARN_UNUSED_VARIABLE = YES;
				IPHONEOS_DEPLOYMENT_TARGET = 18.4;
				LOCALIZATION_PREFERS_STRING_CATALOGS = YES;
				MTL_ENABLE_DEBUG_INFO = NO;
				MTL_FAST_MATH = YES;
				SDKROOT = iphoneos;
				SWIFT_COMPILATION_MODE = wholemodule;
				VALIDATE_PRODUCT = YES;
			};
			name = Release;
		};
		A5EA031E2DE3D90800C4C004 /* Debug */ = {
			isa = XCBuildConfiguration;
			buildSettings = {
				BUNDLE_LOADER = "$(TEST_HOST)";
				CODE_SIGN_STYLE = Automatic;
				CURRENT_PROJECT_VERSION = 1;
				DEVELOPMENT_TEAM = DZDWNPN8YP;
				GENERATE_INFOPLIST_FILE = YES;
				IPHONEOS_DEPLOYMENT_TARGET = 18.4;
				MARKETING_VERSION = 1.0;
				PRODUCT_BUNDLE_IDENTIFIER = com.eacardenase.LootLoggerTests;
				PRODUCT_NAME = "$(TARGET_NAME)";
				SWIFT_EMIT_LOC_STRINGS = NO;
				SWIFT_VERSION = 5.0;
				TARGETED_DEVICE_FAMILY = "1,2";
				TEST_HOST = "$(BUILT_PRODUCTS_DIR)/LootLogger.app/$(BUNDLE_EXECUTABLE_FOLDER_PATH)/LootLogger";
			};
			name = Debug;
		};
		A5EA031F2DE3D90800C4C004 /* Release */ = {
			isa = XCBuildConfiguration;
			buildSettings = {
				BUNDLE_LOADER = "$(TEST_HOST)";
				CODE_SIGN_STYLE = Automatic;
				CURRENT_PROJECT_VERSION = 1;
				DEVELOPMENT_TEAM = DZDWNPN8YP;
				GENERATE_INFOPLIST_FILE = YES;
				IPHONEOS_DEPLOYMENT_TARGET = 18.4;
				MARKETING_VERSION = 1.0;
				PRODUCT_BUNDLE_IDENTIFIER = com.eacardenase.LootLoggerTests;
				PRODUCT_NAME = "$(TARGET_NAME)";
				SWIFT_EMIT_LOC_STRINGS = NO;
				SWIFT_VERSION = 5.0;
				TARGETED_DEVICE_FAMILY = "1,2";
				TEST_HOST = "$(BUILT_PRODUCTS_DIR)/LootLogger.app/$(BUNDLE_EXECUTABLE_FOLDER_PATH)/LootLogger";
			};
			name = Release;
		};
		A5EA03212DE3D90800C4C004 /* Debug */ = {
			isa = XCBuildConfiguration;
			buildSettings = {
				CODE_SIGN_STYLE = Automatic;
				CURRENT_PROJECT_VERSION = 1;
				DEVELOPMENT_TEAM = DZDWNPN8YP;
				GENERATE_INFOPLIST_FILE = YES;
				MARKETING_VERSION = 1.0;
				PRODUCT_BUNDLE_IDENTIFIER = com.eacardenase.LootLoggerUITests;
				PRODUCT_NAME = "$(TARGET_NAME)";
				SWIFT_EMIT_LOC_STRINGS = NO;
				SWIFT_VERSION = 5.0;
				TARGETED_DEVICE_FAMILY = "1,2";
				TEST_TARGET_NAME = LootLogger;
			};
			name = Debug;
		};
		A5EA03222DE3D90800C4C004 /* Release */ = {
			isa = XCBuildConfiguration;
			buildSettings = {
				CODE_SIGN_STYLE = Automatic;
				CURRENT_PROJECT_VERSION = 1;
				DEVELOPMENT_TEAM = DZDWNPN8YP;
				GENERATE_INFOPLIST_FILE = YES;
				MARKETING_VERSION = 1.0;
				PRODUCT_BUNDLE_IDENTIFIER = com.eacardenase.LootLoggerUITests;
				PRODUCT_NAME = "$(TARGET_NAME)";
				SWIFT_EMIT_LOC_STRINGS = NO;
				SWIFT_VERSION = 5.0;
				TARGETED_DEVICE_FAMILY = "1,2";
				TEST_TARGET_NAME = LootLogger;
			};
			name = Release;
		};
/* End XCBuildConfiguration section */

/* Begin XCConfigurationList section */
		A5EA02EA2DE3D90600C4C004 /* Build configuration list for PBXProject "LootLogger" */ = {
			isa = XCConfigurationList;
			buildConfigurations = (
				A5EA031B2DE3D90800C4C004 /* Debug */,
				A5EA031C2DE3D90800C4C004 /* Release */,
			);
			defaultConfigurationIsVisible = 0;
			defaultConfigurationName = Release;
		};
		A5EA03182DE3D90800C4C004 /* Build configuration list for PBXNativeTarget "LootLogger" */ = {
			isa = XCConfigurationList;
			buildConfigurations = (
				A5EA03192DE3D90800C4C004 /* Debug */,
				A5EA031A2DE3D90800C4C004 /* Release */,
			);
			defaultConfigurationIsVisible = 0;
			defaultConfigurationName = Release;
		};
		A5EA031D2DE3D90800C4C004 /* Build configuration list for PBXNativeTarget "LootLoggerTests" */ = {
			isa = XCConfigurationList;
			buildConfigurations = (
				A5EA031E2DE3D90800C4C004 /* Debug */,
				A5EA031F2DE3D90800C4C004 /* Release */,
			);
			defaultConfigurationIsVisible = 0;
			defaultConfigurationName = Release;
		};
		A5EA03202DE3D90800C4C004 /* Build configuration list for PBXNativeTarget "LootLoggerUITests" */ = {
			isa = XCConfigurationList;
			buildConfigurations = (
				A5EA03212DE3D90800C4C004 /* Debug */,
				A5EA03222DE3D90800C4C004 /* Release */,
			);
			defaultConfigurationIsVisible = 0;
			defaultConfigurationName = Release;
		};
/* End XCConfigurationList section */
	};
	rootObject = A5EA02E72DE3D90600C4C004 /* Project object */;
}
